<?xml version="1.0" encoding="utf-8"?>
<Project ToolsVersion="4.0" xmlns="http://schemas.microsoft.com/developer/msbuild/2003">
  <ItemGroup>
    <ClCompile Include="ImgProcess.cpp">
      <Filter>Source Files</Filter>
    </ClCompile>
    <ClCompile Include="GraphBase.cpp">
      <Filter>Source Files</Filter>
    </ClCompile>
    <ClCompile Include="AdaboostDetection.cpp">
      <Filter>Source Files</Filter>
    </ClCompile>
    <ClCompile Include="MainFrm.cpp">
      <Filter>Source Files</Filter>
    </ClCompile>
    <ClCompile Include="adaboost\mmplab_bitstrm.cpp">
      <Filter>Source Files</Filter>
    </ClCompile>
    <ClCompile Include="adaboost\mmplab_cv.cpp">
      <Filter>Source Files</Filter>
    </ClCompile>
    <ClCompile Include="adaboost\mmplab_cv_cum.cpp">
      <Filter>Source Files</Filter>
    </ClCompile>
    <ClCompile Include="adaboost\mmplab_cv_cxcore.cpp">
      <Filter>Source Files</Filter>
    </ClCompile>
    <ClCompile Include="adaboost\mmplab_cv_cxcore_cmp.cpp">
      <Filter>Source Files</Filter>
    </ClCompile>
    <ClCompile Include="adaboost\mmplab_cv_cxcore_matrix.cpp">
      <Filter>Source Files</Filter>
    </ClCompile>
    <ClCompile Include="adaboost\mmplab_cv_cxcore_norm.cpp">
      <Filter>Source Files</Filter>
    </ClCompile>
    <ClCompile Include="adaboost\mmplab_cv_cxcore_persistence.cpp">
      <Filter>Source Files</Filter>
    </ClCompile>
    <ClCompile Include="adaboost\mmplab_cv_cxcore_utils.cpp">
      <Filter>Source Files</Filter>
    </ClCompile>
    <ClCompile Include="adaboost\mmplab_cv_drawing.cpp">
      <Filter>Source Files</Filter>
    </ClCompile>
    <ClCompile Include="adaboost\mmplab_cv_grfmt.cpp">
      <Filter>Source Files</Filter>
    </ClCompile>
    <ClCompile Include="adaboost\mmplab_cv_haar.cpp">
      <Filter>Source Files</Filter>
    </ClCompile>
    <ClCompile Include="adaboost\mmplab_highgui.cpp">
      <Filter>Source Files</Filter>
    </ClCompile>
    <ClCompile Include="MsgBar.cpp">
      <Filter>Source Files</Filter>
    </ClCompile>
    <ClCompile Include="Retangle.cpp">
      <Filter>Source Files</Filter>
    </ClCompile>
    <ClCompile Include="RogerFunction.cpp">
      <Filter>Source Files</Filter>
    </ClCompile>
    <ClCompile Include="scbarg.cpp">
      <Filter>Source Files</Filter>
    </ClCompile>
    <ClCompile Include="sizecbar.cpp">
      <Filter>Source Files</Filter>
    </ClCompile>
    <ClCompile Include="stdafx.cpp">
      <Filter>Source Files</Filter>
    </ClCompile>
    <ClCompile Include="svm.cpp">
      <Filter>Source Files</Filter>
    </ClCompile>
    <ClCompile Include="Video.cpp">
      <Filter>Source Files</Filter>
    </ClCompile>
    <ClCompile Include="VideoDoc.cpp">
      <Filter>Source Files</Filter>
    </ClCompile>
    <ClCompile Include="VideoView.cpp">
      <Filter>Source Files</Filter>
    </ClCompile>
    <ClCompile Include="adaboost\window_w32.cpp">
      <Filter>Source Files</Filter>
    </ClCompile>
    <ClCompile Include="N_Image.cpp">
      <Filter>Source Files</Filter>
    </ClCompile>
    <ClCompile Include="N_KeyPointDescriptor.cpp">
      <Filter>Source Files</Filter>
    </ClCompile>
    <ClCompile Include="N_KeyPointDetector.cpp">
      <Filter>Source Files</Filter>
    </ClCompile>
    <ClCompile Include="N_MathStuff.cpp">
      <Filter>Source Files</Filter>
    </ClCompile>
    <ClCompile Include="N_SimpleGrayImage.cpp">
      <Filter>Source Files</Filter>
    </ClCompile>
  </ItemGroup>
  <ItemGroup>
    <ClInclude Include="ImgProcess.h">
      <Filter>Header Files</Filter>
    </ClInclude>
    <ClInclude Include="AdaboostDetection.h">
      <Filter>Header Files</Filter>
    </ClInclude>
    <ClInclude Include="adaboost\cv.h">
      <Filter>Header Files</Filter>
    </ClInclude>
    <ClInclude Include="adaboost\cvtypes.h">
      <Filter>Header Files</Filter>
    </ClInclude>
    <ClInclude Include="adaboost\cxerror.h">
      <Filter>Header Files</Filter>
    </ClInclude>
    <ClInclude Include="adaboost\cxmisc.h">
      <Filter>Header Files</Filter>
    </ClInclude>
    <ClInclude Include="adaboost\cxtypes.h">
      <Filter>Header Files</Filter>
    </ClInclude>
    <ClInclude Include="GraphBase.h">
      <Filter>Header Files</Filter>
    </ClInclude>
    <ClInclude Include="adaboost\cv.hpp">
      <Filter>Source Files</Filter>
    </ClInclude>
    <ClInclude Include="adaboost\cxcore.hpp">
      <Filter>Source Files</Filter>
    </ClInclude>
    <ClInclude Include="MainFrm.h">
      <Filter>Header Files</Filter>
    </ClInclude>
    <ClInclude Include="adaboost\mmplab_cv.h">
      <Filter>Header Files</Filter>
    </ClInclude>
    <ClInclude Include="adaboost\mmplab_cxcore.h">
      <Filter>Header Files</Filter>
    </ClInclude>
    <ClInclude Include="adaboost\mmplab_grfmt.h">
      <Filter>Header Files</Filter>
    </ClInclude>
    <ClInclude Include="adaboost\mmplab_highgui.h">
      <Filter>Header Files</Filter>
    </ClInclude>
    <ClInclude Include="MsgBar.h">
      <Filter>Header Files</Filter>
    </ClInclude>
    <ClInclude Include="Resource.h">
      <Filter>Header Files</Filter>
    </ClInclude>
    <ClInclude Include="Retangle.h">
      <Filter>Header Files</Filter>
    </ClInclude>
    <ClInclude Include="RogerFunction.h">
      <Filter>Header Files</Filter>
    </ClInclude>
    <ClInclude Include="scbarg.h">
      <Filter>Header Files</Filter>
    </ClInclude>
    <ClInclude Include="sizecbar.h">
      <Filter>Header Files</Filter>
    </ClInclude>
    <ClInclude Include="stdafx.h">
      <Filter>Header Files</Filter>
    </ClInclude>
    <ClInclude Include="svm.h">
      <Filter>Header Files</Filter>
    </ClInclude>
    <ClInclude Include="targetver.h">
      <Filter>Header Files</Filter>
    </ClInclude>
    <ClInclude Include="adaboost\utils.h">
      <Filter>Header Files</Filter>
    </ClInclude>
    <ClInclude Include="Video.h">
      <Filter>Header Files</Filter>
    </ClInclude>
    <ClInclude Include="VideoDoc.h">
      <Filter>Header Files</Filter>
    </ClInclude>
    <ClInclude Include="VideoView.h">
      <Filter>Header Files</Filter>
    </ClInclude>
    <ClInclude Include="N_BoxFilter.h">
      <Filter>Header Files</Filter>
    </ClInclude>
    <ClInclude Include="N_Image.h">
      <Filter>Header Files</Filter>
    </ClInclude>
    <ClInclude Include="N_KeyPoint.h">
      <Filter>Header Files</Filter>
    </ClInclude>
    <ClInclude Include="N_KeyPointDescriptor.h">
      <Filter>Header Files</Filter>
    </ClInclude>
    <ClInclude Include="N_KeyPointDescriptorContext.h">
      <Filter>Header Files</Filter>
    </ClInclude>
    <ClInclude Include="N_KeyPointDetector.h">
      <Filter>Header Files</Filter>
    </ClInclude>
    <ClInclude Include="N_MathStuff.h">
      <Filter>Header Files</Filter>
    </ClInclude>
    <ClInclude Include="N_SimpleGrayImage.h">
      <Filter>Header Files</Filter>
    </ClInclude>
    <ClInclude Include="N_WaveFilter.h">
      <Filter>Header Files</Filter>
    </ClInclude>
  </ItemGroup>
  <ItemGroup>
    <None Include="res\Video.rc2">
      <Filter>Resource Files</Filter>
    </None>
    <None Include="res\Video.ico">
      <Filter>Resource Files</Filter>
    </None>
    <None Include="res\VideoDoc.ico">
      <Filter>Resource Files</Filter>
    </None>
    <None Include="res\Toolbar.bmp">
      <Filter>Resource Files</Filter>
    </None>
    <None Include="ReadMe.txt">
      <Filter>Source Files</Filter>
    </None>
  </ItemGroup>
  <ItemGroup>
    <Filter Include="Header Files">
      <UniqueIdentifier>{3c3f8d9f-afb5-4056-8fce-96863c5e33bf}</UniqueIdentifier>
      <Extensions>h;hpp;hxx;hm</Extensions>
    </Filter>
    <Filter Include="Source Files">
      <UniqueIdentifier>{8d05d26b-19e0-413e-bd54-5d2372ffd4b3}</UniqueIdentifier>
      <Extensions>cpp;c;cxx;rc;def</Extensions>
    </Filter>
    <Filter Include="Resource Files">
      <UniqueIdentifier>{e5a2c493-73a7-49f9-bfe6-eb257dfc0ca2}</UniqueIdentifier>
      <Extensions>ico;cur;bmp;rc2;rct;bin;gif</Extensions>
    </Filter>
  </ItemGroup>
  <ItemGroup>
    <ResourceCompile Include="Video.rc">
      <Filter>Resource Files</Filter>
    </ResourceCompile>
  </ItemGroup>
</Project>